FORGE
  remote: https://forgeapi.puppetlabs.com
  specs:
    dgutierrez1287-rpmbuild (0.1.0)
      puppetlabs-stdlib (>= 4.1.0)
    ploperations-bundler (1.0.1)
      puppetlabs-ruby (>= 0.0.2)
    puppetlabs-ruby (0.2.1)
      puppetlabs-stdlib (< 5.0.0, >= 3.2.0)
    puppetlabs-stdlib (4.3.2)

DEPENDENCIES
  dgutierrez1287-rpmbuild (>= 0)
  ploperations-bundler (>= 0)
  puppetlabs-ruby (>= 0)

